
Microsoft Visual Studio Solution File, Format Version 12.00
# Visual Studio Version 16
VisualStudioVersion = 16.0.32002.261
MinimumVisualStudioVersion = 10.0.40219.1
Project("{8BC9CEB8-8B4A-11D0-8D11-00A0C91BC942}") = "ArgvEnv", "ArgvEnv\ArgvEnv.vcxproj", "{FF7235C6-1DD4-438F-A502-A6B689544F9C}"
EndProject
Project("{8BC9CEB8-8B4A-11D0-8D11-00A0C91BC942}") = "ZeroDriver", "ZeroDriver\ZeroDriver.vcxproj", "{0178F0B7-87AD-43A0-8F38-25CDA210333C}"
EndProject
Project("{8BC9CEB8-8B4A-11D0-8D11-00A0C91BC942}") = "ZeroTest", "ZeroTest\ZeroTest.vcxproj", "{806E553B-97C9-4BB3-B566-C598EAC4B400}"
EndProject
Project("{8BC9CEB8-8B4A-11D0-8D11-00A0C91BC942}") = "PacketDriver", "PacketDriver\PacketDriver.vcxproj", "{D4C90110-46A1-44D9-9983-F40F2ADDA351}"
EndProject
Project("{8BC9CEB8-8B4A-11D0-8D11-00A0C91BC942}") = "PacketDriverTest", "PacketDriverTest\PacketDriverTest.vcxproj", "{904494ED-52CB-4C30-A699-88BB97E2D0AF}"
EndProject
Global
	GlobalSection(SolutionConfigurationPlatforms) = preSolution
		Debug|ARM = Debug|ARM
		Debug|ARM64 = Debug|ARM64
		Debug|x64 = Debug|x64
		Debug|x86 = Debug|x86
		Release|ARM = Release|ARM
		Release|ARM64 = Release|ARM64
		Release|x64 = Release|x64
		Release|x86 = Release|x86
	EndGlobalSection
	GlobalSection(ProjectConfigurationPlatforms) = postSolution
		{FF7235C6-1DD4-438F-A502-A6B689544F9C}.Debug|ARM.ActiveCfg = Debug|Win32
		{FF7235C6-1DD4-438F-A502-A6B689544F9C}.Debug|ARM64.ActiveCfg = Debug|Win32
		{FF7235C6-1DD4-438F-A502-A6B689544F9C}.Debug|x64.ActiveCfg = Debug|x64
		{FF7235C6-1DD4-438F-A502-A6B689544F9C}.Debug|x64.Build.0 = Debug|x64
		{FF7235C6-1DD4-438F-A502-A6B689544F9C}.Debug|x86.ActiveCfg = Debug|Win32
		{FF7235C6-1DD4-438F-A502-A6B689544F9C}.Debug|x86.Build.0 = Debug|Win32
		{FF7235C6-1DD4-438F-A502-A6B689544F9C}.Release|ARM.ActiveCfg = Release|Win32
		{FF7235C6-1DD4-438F-A502-A6B689544F9C}.Release|ARM64.ActiveCfg = Release|Win32
		{FF7235C6-1DD4-438F-A502-A6B689544F9C}.Release|x64.ActiveCfg = Release|x64
		{FF7235C6-1DD4-438F-A502-A6B689544F9C}.Release|x64.Build.0 = Release|x64
		{FF7235C6-1DD4-438F-A502-A6B689544F9C}.Release|x86.ActiveCfg = Release|Win32
		{FF7235C6-1DD4-438F-A502-A6B689544F9C}.Release|x86.Build.0 = Release|Win32
		{0178F0B7-87AD-43A0-8F38-25CDA210333C}.Debug|ARM.ActiveCfg = Debug|ARM
		{0178F0B7-87AD-43A0-8F38-25CDA210333C}.Debug|ARM.Build.0 = Debug|ARM
		{0178F0B7-87AD-43A0-8F38-25CDA210333C}.Debug|ARM.Deploy.0 = Debug|ARM
		{0178F0B7-87AD-43A0-8F38-25CDA210333C}.Debug|ARM64.ActiveCfg = Debug|ARM64
		{0178F0B7-87AD-43A0-8F38-25CDA210333C}.Debug|ARM64.Build.0 = Debug|ARM64
		{0178F0B7-87AD-43A0-8F38-25CDA210333C}.Debug|ARM64.Deploy.0 = Debug|ARM64
		{0178F0B7-87AD-43A0-8F38-25CDA210333C}.Debug|x64.ActiveCfg = Debug|x64
		{0178F0B7-87AD-43A0-8F38-25CDA210333C}.Debug|x64.Build.0 = Debug|x64
		{0178F0B7-87AD-43A0-8F38-25CDA210333C}.Debug|x64.Deploy.0 = Debug|x64
		{0178F0B7-87AD-43A0-8F38-25CDA210333C}.Debug|x86.ActiveCfg = Debug|Win32
		{0178F0B7-87AD-43A0-8F38-25CDA210333C}.Debug|x86.Build.0 = Debug|Win32
		{0178F0B7-87AD-43A0-8F38-25CDA210333C}.Debug|x86.Deploy.0 = Debug|Win32
		{0178F0B7-87AD-43A0-8F38-25CDA210333C}.Release|ARM.ActiveCfg = Release|ARM
		{0178F0B7-87AD-43A0-8F38-25CDA210333C}.Release|ARM.Build.0 = Release|ARM
		{0178F0B7-87AD-43A0-8F38-25CDA210333C}.Release|ARM.Deploy.0 = Release|ARM
		{0178F0B7-87AD-43A0-8F38-25CDA210333C}.Release|ARM64.ActiveCfg = Release|ARM64
		{0178F0B7-87AD-43A0-8F38-25CDA210333C}.Release|ARM64.Build.0 = Release|ARM64
		{0178F0B7-87AD-43A0-8F38-25CDA210333C}.Release|ARM64.Deploy.0 = Release|ARM64
		{0178F0B7-87AD-43A0-8F38-25CDA210333C}.Release|x64.ActiveCfg = Release|x64
		{0178F0B7-87AD-43A0-8F38-25CDA210333C}.Release|x64.Build.0 = Release|x64
		{0178F0B7-87AD-43A0-8F38-25CDA210333C}.Release|x64.Deploy.0 = Release|x64
		{0178F0B7-87AD-43A0-8F38-25CDA210333C}.Release|x86.ActiveCfg = Release|Win32
		{0178F0B7-87AD-43A0-8F38-25CDA210333C}.Release|x86.Build.0 = Release|Win32
		{0178F0B7-87AD-43A0-8F38-25CDA210333C}.Release|x86.Deploy.0 = Release|Win32
		{806E553B-97C9-4BB3-B566-C598EAC4B400}.Debug|ARM.ActiveCfg = Debug|Win32
		{806E553B-97C9-4BB3-B566-C598EAC4B400}.Debug|ARM64.ActiveCfg = Debug|Win32
		{806E553B-97C9-4BB3-B566-C598EAC4B400}.Debug|x64.ActiveCfg = Debug|x64
		{806E553B-97C9-4BB3-B566-C598EAC4B400}.Debug|x64.Build.0 = Debug|x64
		{806E553B-97C9-4BB3-B566-C598EAC4B400}.Debug|x86.ActiveCfg = Debug|Win32
		{806E553B-97C9-4BB3-B566-C598EAC4B400}.Debug|x86.Build.0 = Debug|Win32
		{806E553B-97C9-4BB3-B566-C598EAC4B400}.Release|ARM.ActiveCfg = Release|Win32
		{806E553B-97C9-4BB3-B566-C598EAC4B400}.Release|ARM64.ActiveCfg = Release|Win32
		{806E553B-97C9-4BB3-B566-C598EAC4B400}.Release|x64.ActiveCfg = Release|x64
		{806E553B-97C9-4BB3-B566-C598EAC4B400}.Release|x64.Build.0 = Release|x64
		{806E553B-97C9-4BB3-B566-C598EAC4B400}.Release|x86.ActiveCfg = Release|Win32
		{806E553B-97C9-4BB3-B566-C598EAC4B400}.Release|x86.Build.0 = Release|Win32
		{D4C90110-46A1-44D9-9983-F40F2ADDA351}.Debug|ARM.ActiveCfg = Debug|ARM
		{D4C90110-46A1-44D9-9983-F40F2ADDA351}.Debug|ARM.Build.0 = Debug|ARM
		{D4C90110-46A1-44D9-9983-F40F2ADDA351}.Debug|ARM.Deploy.0 = Debug|ARM
		{D4C90110-46A1-44D9-9983-F40F2ADDA351}.Debug|ARM64.ActiveCfg = Debug|ARM64
		{D4C90110-46A1-44D9-9983-F40F2ADDA351}.Debug|ARM64.Build.0 = Debug|ARM64
		{D4C90110-46A1-44D9-9983-F40F2ADDA351}.Debug|ARM64.Deploy.0 = Debug|ARM64
		{D4C90110-46A1-44D9-9983-F40F2ADDA351}.Debug|x64.ActiveCfg = Debug|x64
		{D4C90110-46A1-44D9-9983-F40F2ADDA351}.Debug|x64.Build.0 = Debug|x64
		{D4C90110-46A1-44D9-9983-F40F2ADDA351}.Debug|x64.Deploy.0 = Debug|x64
		{D4C90110-46A1-44D9-9983-F40F2ADDA351}.Debug|x86.ActiveCfg = Debug|Win32
		{D4C90110-46A1-44D9-9983-F40F2ADDA351}.Debug|x86.Build.0 = Debug|Win32
		{D4C90110-46A1-44D9-9983-F40F2ADDA351}.Debug|x86.Deploy.0 = Debug|Win32
		{D4C90110-46A1-44D9-9983-F40F2ADDA351}.Release|ARM.ActiveCfg = Release|ARM
		{D4C90110-46A1-44D9-9983-F40F2ADDA351}.Release|ARM.Build.0 = Release|ARM
		{D4C90110-46A1-44D9-9983-F40F2ADDA351}.Release|ARM.Deploy.0 = Release|ARM
		{D4C90110-46A1-44D9-9983-F40F2ADDA351}.Release|ARM64.ActiveCfg = Release|ARM64
		{D4C90110-46A1-44D9-9983-F40F2ADDA351}.Release|ARM64.Build.0 = Release|ARM64
		{D4C90110-46A1-44D9-9983-F40F2ADDA351}.Release|ARM64.Deploy.0 = Release|ARM64
		{D4C90110-46A1-44D9-9983-F40F2ADDA351}.Release|x64.ActiveCfg = Release|x64
		{D4C90110-46A1-44D9-9983-F40F2ADDA351}.Release|x64.Build.0 = Release|x64
		{D4C90110-46A1-44D9-9983-F40F2ADDA351}.Release|x64.Deploy.0 = Release|x64
		{D4C90110-46A1-44D9-9983-F40F2ADDA351}.Release|x86.ActiveCfg = Release|Win32
		{D4C90110-46A1-44D9-9983-F40F2ADDA351}.Release|x86.Build.0 = Release|Win32
		{D4C90110-46A1-44D9-9983-F40F2ADDA351}.Release|x86.Deploy.0 = Release|Win32
		{904494ED-52CB-4C30-A699-88BB97E2D0AF}.Debug|ARM.ActiveCfg = Debug|Win32
		{904494ED-52CB-4C30-A699-88BB97E2D0AF}.Debug|ARM64.ActiveCfg = Debug|Win32
		{904494ED-52CB-4C30-A699-88BB97E2D0AF}.Debug|x64.ActiveCfg = Debug|x64
		{904494ED-52CB-4C30-A699-88BB97E2D0AF}.Debug|x64.Build.0 = Debug|x64
		{904494ED-52CB-4C30-A699-88BB97E2D0AF}.Debug|x86.ActiveCfg = Debug|Win32
		{904494ED-52CB-4C30-A699-88BB97E2D0AF}.Debug|x86.Build.0 = Debug|Win32
		{904494ED-52CB-4C30-A699-88BB97E2D0AF}.Release|ARM.ActiveCfg = Release|Win32
		{904494ED-52CB-4C30-A699-88BB97E2D0AF}.Release|ARM64.ActiveCfg = Release|Win32
		{904494ED-52CB-4C30-A699-88BB97E2D0AF}.Release|x64.ActiveCfg = Release|x64
		{904494ED-52CB-4C30-A699-88BB97E2D0AF}.Release|x64.Build.0 = Release|x64
		{904494ED-52CB-4C30-A699-88BB97E2D0AF}.Release|x86.ActiveCfg = Release|Win32
		{904494ED-52CB-4C30-A699-88BB97E2D0AF}.Release|x86.Build.0 = Release|Win32
	EndGlobalSection
	GlobalSection(SolutionProperties) = preSolution
		HideSolutionNode = FALSE
	EndGlobalSection
	GlobalSection(ExtensibilityGlobals) = postSolution
		SolutionGuid = {5FD22330-7CA8-4817-B31A-657BC85F4549}
	EndGlobalSection
EndGlobal
